// !$*UTF8*$!
{
	archiveVersion = 1;
	classes = {
	};
	objectVersion = 50;
	objects = {

/* Begin PBXBuildFile section */
		88E85A6623E369B40096578F /* AppDelegate.swift in Sources */ = {isa = PBXBuildFile; fileRef = 88E85A6523E369B40096578F /* AppDelegate.swift */; };
		88E85A6823E369B40096578F /* SceneDelegate.swift in Sources */ = {isa = PBXBuildFile; fileRef = 88E85A6723E369B40096578F /* SceneDelegate.swift */; };
		88E85A6A23E369B40096578F /* MasterViewController.swift in Sources */ = {isa = PBXBuildFile; fileRef = 88E85A6923E369B40096578F /* MasterViewController.swift */; };
		88E85A6C23E369B40096578F /* DetailViewController.swift in Sources */ = {isa = PBXBuildFile; fileRef = 88E85A6B23E369B40096578F /* DetailViewController.swift */; };
		88E85A6F23E369B40096578F /* Main.storyboard in Resources */ = {isa = PBXBuildFile; fileRef = 88E85A6D23E369B40096578F /* Main.storyboard */; };
		88E85A7123E369B50096578F /* Assets.xcassets in Resources */ = {isa = PBXBuildFile; fileRef = 88E85A7023E369B50096578F /* Assets.xcassets */; };
		88E85A7423E369B50096578F /* LaunchScreen.storyboard in Resources */ = {isa = PBXBuildFile; fileRef = 88E85A7223E369B50096578F /* LaunchScreen.storyboard */; };
		88E85A7C23E36BC70096578F /* Pokemon.swift in Sources */ = {isa = PBXBuildFile; fileRef = 88E85A7B23E36BC70096578F /* Pokemon.swift */; };
		88E85A7E23E36BE60096578F /* DataManager.swift in Sources */ = {isa = PBXBuildFile; fileRef = 88E85A7D23E36BE60096578F /* DataManager.swift */; };
/* End PBXBuildFile section */

/* Begin PBXFileReference section */
		88E85A6223E369B40096578F /* ListOfStuff.app */ = {isa = PBXFileReference; explicitFileType = wrapper.application; includeInIndex = 0; path = ListOfStuff.app; sourceTree = BUILT_PRODUCTS_DIR; };
		88E85A6523E369B40096578F /* AppDelegate.swift */ = {isa = PBXFileReference; lastKnownFileType = sourcecode.swift; path = AppDelegate.swift; sourceTree = "<group>"; };
		88E85A6723E369B40096578F /* SceneDelegate.swift */ = {isa = PBXFileReference; lastKnownFileType = sourcecode.swift; path = SceneDelegate.swift; sourceTree = "<group>"; };
		88E85A6923E369B40096578F /* MasterViewController.swift */ = {isa = PBXFileReference; lastKnownFileType = sourcecode.swift; path = MasterViewController.swift; sourceTree = "<group>"; };
		88E85A6B23E369B40096578F /* DetailViewController.swift */ = {isa = PBXFileReference; lastKnownFileType = sourcecode.swift; path = DetailViewController.swift; sourceTree = "<group>"; };
		88E85A6E23E369B40096578F /* Base */ = {isa = PBXFileReference; lastKnownFileType = file.storyboard; name = Base; path = Base.lproj/Main.storyboard; sourceTree = "<group>"; };
		88E85A7023E369B50096578F /* Assets.xcassets */ = {isa = PBXFileReference; lastKnownFileType = folder.assetcatalog; path = Assets.xcassets; sourceTree = "<group>"; };
		88E85A7323E369B50096578F /* Base */ = {isa = PBXFileReference; lastKnownFileType = file.storyboard; name = Base; path = Base.lproj/LaunchScreen.storyboard; sourceTree = "<group>"; };
		88E85A7523E369B50096578F /* Info.plist */ = {isa = PBXFileReference; lastKnownFileType = text.plist.xml; path = Info.plist; sourceTree = "<group>"; };
		88E85A7B23E36BC70096578F /* Pokemon.swift */ = {isa = PBXFileReference; lastKnownFileType = sourcecode.swift; path = Pokemon.swift; sourceTree = "<group>"; };
		88E85A7D23E36BE60096578F /* DataManager.swift */ = {isa = PBXFileReference; lastKnownFileType = sourcecode.swift; path = DataManager.swift; sourceTree = "<group>"; };
/* End PBXFileReference section */

/* Begin PBXFrameworksBuildPhase section */
		88E85A5F23E369B40096578F /* Frameworks */ = {
			isa = PBXFrameworksBuildPhase;
			buildActionMask = 2147483647;
			files = (
			);
			runOnlyForDeploymentPostprocessing = 0;
		};
/* End PBXFrameworksBuildPhase section */

/* Begin PBXGroup section */
		88E85A5923E369B40096578F = {
			isa = PBXGroup;
			children = (
				88E85A6423E369B40096578F /* ListOfStuff */,
				88E85A6323E369B40096578F /* Products */,
			);
			sourceTree = "<group>";
		};
		88E85A6323E369B40096578F /* Products */ = {
			isa = PBXGroup;
			children = (
				88E85A6223E369B40096578F /* ListOfStuff.app */,
			);
			name = Products;
			sourceTree = "<group>";
		};
		88E85A6423E369B40096578F /* ListOfStuff */ = {
			isa = PBXGroup;
			children = (
				88E85A6523E369B40096578F /* AppDelegate.swift */,
				88E85A6723E369B40096578F /* SceneDelegate.swift */,
				88E85A6923E369B40096578F /* MasterViewController.swift */,
				88E85A6B23E369B40096578F /* DetailViewController.swift */,
				88E85A6D23E369B40096578F /* Main.storyboard */,
				88E85A7023E369B50096578F /* Assets.xcassets */,
				88E85A7223E369B50096578F /* LaunchScreen.storyboard */,
				88E85A7523E369B50096578F /* Info.plist */,
				88E85A7B23E36BC70096578F /* Pokemon.swift */,
				88E85A7D23E36BE60096578F /* DataManager.swift */,
			);
			path = ListOfStuff;
			sourceTree = "<group>";
		};
/* End PBXGroup section */

/* Begin PBXNativeTarget section */
		88E85A6123E369B40096578F /* ListOfStuff */ = {
			isa = PBXNativeTarget;
			buildConfigurationList = 88E85A7823E369B50096578F /* Build configuration list for PBXNativeTarget "ListOfStuff" */;
			buildPhases = (
				88E85A5E23E369B40096578F /* Sources */,
				88E85A5F23E369B40096578F /* Frameworks */,
				88E85A6023E369B40096578F /* Resources */,
			);
			buildRules = (
			);
			dependencies = (
			);
			name = ListOfStuff;
			productName = ListOfStuff;
			productReference = 88E85A6223E369B40096578F /* ListOfStuff.app */;
			productType = "com.apple.product-type.application";
		};
/* End PBXNativeTarget section */

/* Begin PBXProject section */
		88E85A5A23E369B40096578F /* Project object */ = {
			isa = PBXProject;
			attributes = {
				LastSwiftUpdateCheck = 1130;
				LastUpgradeCheck = 1130;
				ORGANIZATIONNAME = "Joshua Kersker";
				TargetAttributes = {
					88E85A6123E369B40096578F = {
						CreatedOnToolsVersion = 11.3.1;
					};
				};
			};
			buildConfigurationList = 88E85A5D23E369B40096578F /* Build configuration list for PBXProject "ListOfStuff" */;
			compatibilityVersion = "Xcode 9.3";
			developmentRegion = en;
			hasScannedForEncodings = 0;
			knownRegions = (
				en,
				Base,
			);
			mainGroup = 88E85A5923E369B40096578F;
			productRefGroup = 88E85A6323E369B40096578F /* Products */;
			projectDirPath = "";
			projectRoot = "";
			targets = (
				88E85A6123E369B40096578F /* ListOfStuff */,
			);
		};
/* End PBXProject section */

/* Begin PBXResourcesBuildPhase section */
		88E85A6023E369B40096578F /* Resources */ = {
			isa = PBXResourcesBuildPhase;
			buildActionMask = 2147483647;
			files = (
				88E85A7423E369B50096578F /* LaunchScreen.storyboard in Resources */,
				88E85A7123E369B50096578F /* Assets.xcassets in Resources */,
				88E85A6F23E369B40096578F /* Main.storyboard in Resources */,
			);
			runOnlyForDeploymentPostprocessing = 0;
		};
/* End PBXResourcesBuildPhase section */

/* Begin PBXSourcesBuildPhase section */
		88E85A5E23E369B40096578F /* Sources */ = {
			isa = PBXSourcesBuildPhase;
			buildActionMask = 2147483647;
			files = (
				88E85A7C23E36BC70096578F /* Pokemon.swift in Sources */,
				88E85A7E23E36BE60096578F /* DataManager.swift in Sources */,
				88E85A6623E369B40096578F /* AppDelegate.swift in Sources */,
				88E85A6823E369B40096578F /* SceneDelegate.swift in Sources */,
				88E85A6A23E369B40096578F /* MasterViewController.swift in Sources */,
				88E85A6C23E369B40096578F /* DetailViewController.swift in Sources */,
			);
			runOnlyForDeploymentPostprocessing = 0;
		};
/* End PBXSourcesBuildPhase section */

/* Begin PBXVariantGroup section */
		88E85A6D23E369B40096578F /* Main.storyboard */ = {
			isa = PBXVariantGroup;
			children = (
				88E85A6E23E369B40096578F /* Base */,
			);
			name = Main.storyboard;
			sourceTree = "<group>";
		};
		88E85A7223E369B50096578F /* LaunchScreen.storyboard */ = {
			isa = PBXVariantGroup;
			children = (
				88E85A7323E369B50096578F /* Base */,
			);
			name = LaunchScreen.storyboard;
			sourceTree = "<group>";
		};
/* End PBXVariantGroup section */

/* Begin XCBuildConfiguration section */
		88E85A7623E369B50096578F /* Debug */ = {
			isa = XCBuildConfiguration;
			buildSettings = {
				ALWAYS_SEARCH_USER_PATHS = NO;
				CLANG_ANALYZER_NONNULL = YES;
				CLANG_ANALYZER_NUMBER_OBJECT_CONVERSION = YES_AGGRESSIVE;
				CLANG_CXX_LANGUAGE_STANDARD = "gnu++14";
				CLANG_CXX_LIBRARY = "libc++";
				CLANG_ENABLE_MODULES = YES;
				CLANG_ENABLE_OBJC_ARC = YES;
				CLANG_ENABLE_OBJC_WEAK = YES;
				CLANG_WARN_BLOCK_CAPTURE_AUTORELEASING = YES;
				CLANG_WARN_BOOL_CONVERSION = YES;
				CLANG_WARN_COMMA = YES;
				CLANG_WARN_CONSTANT_CONVERSION = YES;
				CLANG_WARN_DEPRECATED_OBJC_IMPLEMENTATIONS = YES;
				CLANG_WARN_DIRECT_OBJC_ISA_USAGE = YES_ERROR;
				CLANG_WARN_DOCUMENTATION_COMMENTS = YES;
				CLANG_WARN_EMPTY_BODY = YES;
				CLANG_WARN_ENUM_CONVERSION = YES;
				CLANG_WARN_INFINITE_RECURSION = YES;
				CLANG_WARN_INT_CONVERSION = YES;
				CLANG_WARN_NON_LITERAL_NULL_CONVERSION = YES;
				CLANG_WARN_OBJC_IMPLICIT_RETAIN_SELF = YES;
				CLANG_WARN_OBJC_LITERAL_CONVERSION = YES;
				CLANG_WARN_OBJC_ROOT_CLASS = YES_ERROR;
				CLANG_WARN_RANGE_LOOP_ANALYSIS = YES;
				CLANG_WARN_STRICT_PROTOTYPES = YES;
				CLANG_WARN_SUSPICIOUS_MOVE = YES;
				CLANG_WARN_UNGUARDED_AVAILABILITY = YES_AGGRESSIVE;
				CLANG_WARN_UNREACHABLE_CODE = YES;
				CLANG_WARN__DUPLICATE_METHOD_MATCH = YES;
				COPY_PHASE_STRIP = NO;
				DEBUG_INFORMATION_FORMAT = dwarf;
				ENABLE_STRICT_OBJC_MSGSEND = YES;
				ENABLE_TESTABILITY = YES;
				GCC_C_LANGUAGE_STANDARD = gnu11;
				GCC_DYNAMIC_NO_PIC = NO;
				GCC_NO_COMMON_BLOCKS = YES;
				GCC_OPTIMIZATION_LEVEL = 0;
				GCC_PREPROCESSOR_DEFINITIONS = (
					"DEBUG=1",
					"$(inherited)",
				);
				GCC_WARN_64_TO_32_BIT_CONVERSION = YES;
				GCC_WARN_ABOUT_RETURN_TYPE = YES_ERROR;
				GCC_WARN_UNDECLARED_SELECTOR = YES;
				GCC_WARN_UNINITIALIZED_AUTOS = YES_AGGRESSIVE;
				GCC_WARN_UNUSED_FUNCTION = YES;
				GCC_WARN_UNUSED_VARIABLE = YES;
				IPHONEOS_DEPLOYMENT_TARGET = 13.2;
				MTL_ENABLE_DEBUG_INFO = INCLUDE_SOURCE;
				MTL_FAST_MATH = YES;
				ONLY_ACTIVE_ARCH = YES;
				SDKROOT = iphoneos;
				SWIFT_ACTIVE_COMPILATION_CONDITIONS = DEBUG;
				SWIFT_OPTIMIZATION_LEVEL = "-Onone";
			};
			name = Debug;
		};
		88E85A7723E369B50096578F /* Release */ = {
			isa = XCBuildConfiguration;
			buildSettings = {
				ALWAYS_SEARCH_USER_PATHS = NO;
				CLANG_ANALYZER_NONNULL = YES;
				CLANG_ANALYZER_NUMBER_OBJECT_CONVERSION = YES_AGGRESSIVE;
				CLANG_CXX_LANGUAGE_STANDARD = "gnu++14";
				CLANG_CXX_LIBRARY = "libc++";
				CLANG_ENABLE_MODULES = YES;
				CLANG_ENABLE_OBJC_ARC = YES;
				CLANG_ENABLE_OBJC_WEAK = YES;
				CLANG_WARN_BLOCK_CAPTURE_AUTORELEASING = YES;
				CLANG_WARN_BOOL_CONVERSION = YES;
				CLANG_WARN_COMMA = YES;
				CLANG_WARN_CONSTANT_CONVERSION = YES;
				CLANG_WARN_DEPRECATED_OBJC_IMPLEMENTATIONS = YES;
				CLANG_WARN_DIRECT_OBJC_ISA_USAGE = YES_ERROR;
				CLANG_WARN_DOCUMENTATION_COMMENTS = YES;
				CLANG_WARN_EMPTY_BODY = YES;
				CLANG_WARN_ENUM_CONVERSION = YES;
				CLANG_WARN_INFINITE_RECURSION = YES;
				CLANG_WARN_INT_CONVERSION = YES;
				CLANG_WARN_NON_LITERAL_NULL_CONVERSION = YES;
				CLANG_WARN_OBJC_IMPLICIT_RETAIN_SELF = YES;
				CLANG_WARN_OBJC_LITERAL_CONVERSION = YES;
				CLANG_WARN_OBJC_ROOT_CLASS = YES_ERROR;
				CLANG_WARN_RANGE_LOOP_ANALYSIS = YES;
				CLANG_WARN_STRICT_PROTOTYPES = YES;
				CLANG_WARN_SUSPICIOUS_MOVE = YES;
				CLANG_WARN_UNGUARDED_AVAILABILITY = YES_AGGRESSIVE;
				CLANG_WARN_UNREACHABLE_CODE = YES;
				CLANG_WARN__DUPLICATE_METHOD_MATCH = YES;
				COPY_PHASE_STRIP = NO;
				DEBUG_INFORMATION_FORMAT = "dwarf-with-dsym";
				ENABLE_NS_ASSERTIONS = NO;
				ENABLE_STRICT_OBJC_MSGSEND = YES;
				GCC_C_LANGUAGE_STANDARD = gnu11;
				GCC_NO_COMMON_BLOCKS = YES;
				GCC_WARN_64_TO_32_BIT_CONVERSION = YES;
				GCC_WARN_ABOUT_RETURN_TYPE = YES_ERROR;
				GCC_WARN_UNDECLARED_SELECTOR = YES;
				GCC_WARN_UNINITIALIZED_AUTOS = YES_AGGRESSIVE;
				GCC_WARN_UNUSED_FUNCTION = YES;
				GCC_WARN_UNUSED_VARIABLE = YES;
				IPHONEOS_DEPLOYMENT_TARGET = 13.2;
				MTL_ENABLE_DEBUG_INFO = NO;
				MTL_FAST_MATH = YES;
				SDKROOT = iphoneos;
				SWIFT_COMPILATION_MODE = wholemodule;
				SWIFT_OPTIMIZATION_LEVEL = "-O";
				VALIDATE_PRODUCT = YES;
			};
			name = Release;
		};
		88E85A7923E369B50096578F /* Debug */ = {
			isa = XCBuildConfiguration;
			buildSettings = {
				ASSETCATALOG_COMPILER_APPICON_NAME = AppIcon;
				CODE_SIGN_STYLE = Automatic;
				INFOPLIST_FILE = ListOfStuff/Info.plist;
				LD_RUNPATH_SEARCH_PATHS = (
					"$(inherited)",
					"@executable_path/Frameworks",
				);
				PRODUCT_BUNDLE_IDENTIFIER = roxas.rave.ListOfStuff;
				PRODUCT_NAME = "$(TARGET_NAME)";
				SWIFT_VERSION = 5.0;
				TARGETED_DEVICE_FAMILY = "1,2";
			};
			name = Debug;
		};
		88E85A7A23E369B50096578F /* Release */ = {
			isa = XCBuildConfiguration;
			buildSettings = {
				ASSETCATALOG_COMPILER_APPICON_NAME = AppIcon;
				CODE_SIGN_STYLE = Automatic;
				INFOPLIST_FILE = ListOfStuff/Info.plist;
				LD_RUNPATH_SEARCH_PATHS = (
					"$(inherited)",
					"@executable_path/Frameworks",
				);
				PRODUCT_BUNDLE_IDENTIFIER = roxas.rave.ListOfStuff;
				PRODUCT_NAME = "$(TARGET_NAME)";
				SWIFT_VERSION = 5.0;
				TARGETED_DEVICE_FAMILY = "1,2";
			};
			name = Release;
		};
/* End XCBuildConfiguration section */

/* Begin XCConfigurationList section */
		88E85A5D23E369B40096578F /* Build configuration list for PBXProject "ListOfStuff" */ = {
			isa = XCConfigurationList;
			buildConfigurations = (
				88E85A7623E369B50096578F /* Debug */,
				88E85A7723E369B50096578F /* Release */,
			);
			defaultConfigurationIsVisible = 0;
			defaultConfigurationName = Release;
		};
		88E85A7823E369B50096578F /* Build configuration list for PBXNativeTarget "ListOfStuff" */ = {
			isa = XCConfigurationList;
			buildConfigurations = (
				88E85A7923E369B50096578F /* Debug */,
				88E85A7A23E369B50096578F /* Release */,
			);
			defaultConfigurationIsVisible = 0;
			defaultConfigurationName = Release;
		};
/* End XCConfigurationList section */
	};
	rootObject = 88E85A5A23E369B40096578F /* Project object */;
}
